
Microsoft Visual Studio Solution File, Format Version 12.00
# Visual Studio Version 16
VisualStudioVersion = 16.0.29905.134
MinimumVisualStudioVersion = 10.0.40219.1
Project("{FAE04EC0-301F-11D3-BF4B-00C04F79EFBC}") = "SeriElemanCrawler", "SeriElemanCrawler\SeriElemanCrawler.csproj", "{5389AC40-CBDA-4BE1-ADA5-EC54DBB2147E}"
EndProject
Global
	GlobalSection(SolutionConfigurationPlatforms) = preSolution
		Debug|Any CPU = Debug|Any CPU
		Release|Any CPU = Release|Any CPU
	EndGlobalSection
	GlobalSection(ProjectConfigurationPlatforms) = postSolution
		{5389AC40-CBDA-4BE1-ADA5-EC54DBB2147E}.Debug|Any CPU.ActiveCfg = Debug|Any CPU
		{5389AC40-CBDA-4BE1-ADA5-EC54DBB2147E}.Debug|Any CPU.Build.0 = Debug|Any CPU
		{5389AC40-CBDA-4BE1-ADA5-EC54DBB2147E}.Release|Any CPU.ActiveCfg = Release|Any CPU
		{5389AC40-CBDA-4BE1-ADA5-EC54DBB2147E}.Release|Any CPU.Build.0 = Release|Any CPU
	EndGlobalSection
	GlobalSection(SolutionProperties) = preSolution
		HideSolutionNode = FALSE
	EndGlobalSection
	GlobalSection(ExtensibilityGlobals) = postSolution
		SolutionGuid = {412EAC07-AF50-4CA1-811C-A30CE0174805}
	EndGlobalSection
EndGlobal
